
Microsoft Visual Studio Solution File, Format Version 12.00
# Visual Studio Version 17
VisualStudioVersion = 17.6.33829.357
MinimumVisualStudioVersion = 10.0.40219.1
Project("{FAE04EC0-301F-11D3-BF4B-00C04F79EFBC}") = "CompanyConsoleApp", "CompanyConsoleApp\CompanyConsoleApp.csproj", "{C0E6FB18-D9E4-4804-87F2-0B9A46AE1A1D}"
EndProject
Project("{FAE04EC0-301F-11D3-BF4B-00C04F79EFBC}") = "EntityLib", "EntityLib\EntityLib.csproj", "{07EE60A7-81B9-431D-BB1F-FC2025845ECD}"
EndProject
Project("{FAE04EC0-301F-11D3-BF4B-00C04F79EFBC}") = "Accounts", "Accounts\Accounts.csproj", "{85DDB5E6-7DFB-4F12-AB8C-E1B7D9CAF7C1}"
EndProject
Global
	GlobalSection(SolutionConfigurationPlatforms) = preSolution
		Debug|Any CPU = Debug|Any CPU
		Release|Any CPU = Release|Any CPU
	EndGlobalSection
	GlobalSection(ProjectConfigurationPlatforms) = postSolution
		{C0E6FB18-D9E4-4804-87F2-0B9A46AE1A1D}.Debug|Any CPU.ActiveCfg = Debug|Any CPU
		{C0E6FB18-D9E4-4804-87F2-0B9A46AE1A1D}.Debug|Any CPU.Build.0 = Debug|Any CPU
		{C0E6FB18-D9E4-4804-87F2-0B9A46AE1A1D}.Release|Any CPU.ActiveCfg = Release|Any CPU
		{C0E6FB18-D9E4-4804-87F2-0B9A46AE1A1D}.Release|Any CPU.Build.0 = Release|Any CPU
		{07EE60A7-81B9-431D-BB1F-FC2025845ECD}.Debug|Any CPU.ActiveCfg = Debug|Any CPU
		{07EE60A7-81B9-431D-BB1F-FC2025845ECD}.Debug|Any CPU.Build.0 = Debug|Any CPU
		{07EE60A7-81B9-431D-BB1F-FC2025845ECD}.Release|Any CPU.ActiveCfg = Release|Any CPU
		{07EE60A7-81B9-431D-BB1F-FC2025845ECD}.Release|Any CPU.Build.0 = Release|Any CPU
		{85DDB5E6-7DFB-4F12-AB8C-E1B7D9CAF7C1}.Debug|Any CPU.ActiveCfg = Debug|Any CPU
		{85DDB5E6-7DFB-4F12-AB8C-E1B7D9CAF7C1}.Debug|Any CPU.Build.0 = Debug|Any CPU
		{85DDB5E6-7DFB-4F12-AB8C-E1B7D9CAF7C1}.Release|Any CPU.ActiveCfg = Release|Any CPU
		{85DDB5E6-7DFB-4F12-AB8C-E1B7D9CAF7C1}.Release|Any CPU.Build.0 = Release|Any CPU
	EndGlobalSection
	GlobalSection(SolutionProperties) = preSolution
		HideSolutionNode = FALSE
	EndGlobalSection
	GlobalSection(ExtensibilityGlobals) = postSolution
		SolutionGuid = {C6637408-2941-4CDD-B49D-9C0CF9A19CA4}
	EndGlobalSection
EndGlobal
